// !$*UTF8*$!
{
	archiveVersion = 1;
	classes = {
	};
	objectVersion = 46;
	objects = {

/* Begin PBXBuildFile section */
		F5087C80199E423F008767F7 /* FMDatabase.m in Sources */ = {isa = PBXBuildFile; fileRef = F5087C76199E423F008767F7 /* FMDatabase.m */; };
		F5087C81199E423F008767F7 /* FMDatabaseAdditions.m in Sources */ = {isa = PBXBuildFile; fileRef = F5087C78199E423F008767F7 /* FMDatabaseAdditions.m */; };
		F5087C82199E423F008767F7 /* FMDatabasePool.m in Sources */ = {isa = PBXBuildFile; fileRef = F5087C7A199E423F008767F7 /* FMDatabasePool.m */; };
		F5087C83199E423F008767F7 /* FMDatabaseQueue.m in Sources */ = {isa = PBXBuildFile; fileRef = F5087C7C199E423F008767F7 /* FMDatabaseQueue.m */; };
		F5087C84199E423F008767F7 /* FMResultSet.m in Sources */ = {isa = PBXBuildFile; fileRef = F5087C7F199E423F008767F7 /* FMResultSet.m */; };
		F5087C86199E4287008767F7 /* libsqlite3.0.dylib in Frameworks */ = {isa = PBXBuildFile; fileRef = F5087C85199E4287008767F7 /* libsqlite3.0.dylib */; };
		F5087C88199E4B41008767F7 /* UserSetting.swift in Sources */ = {isa = PBXBuildFile; fileRef = F5087C87199E4B41008767F7 /* UserSetting.swift */; };
		F5087C8A199E4B4E008767F7 /* SessionSetting.swift in Sources */ = {isa = PBXBuildFile; fileRef = F5087C89199E4B4E008767F7 /* SessionSetting.swift */; };
		F5087C8E199F94B5008767F7 /* SqliteManager.swift in Sources */ = {isa = PBXBuildFile; fileRef = F5087C8D199F94B5008767F7 /* SqliteManager.swift */; };
		F51A24B41993BB3200F0F591 /* AppDelegate.swift in Sources */ = {isa = PBXBuildFile; fileRef = F51A24B31993BB3200F0F591 /* AppDelegate.swift */; };
		F51A24B91993BB3200F0F591 /* Main.storyboard in Resources */ = {isa = PBXBuildFile; fileRef = F51A24B71993BB3200F0F591 /* Main.storyboard */; };
		F51A24BB1993BB3200F0F591 /* Images.xcassets in Resources */ = {isa = PBXBuildFile; fileRef = F51A24BA1993BB3200F0F591 /* Images.xcassets */; };
		F51A24C71993BB3200F0F591 /* TodayTests.swift in Sources */ = {isa = PBXBuildFile; fileRef = F51A24C61993BB3200F0F591 /* TodayTests.swift */; };
		F51A24D21993BC6900F0F591 /* TDInboxViewController.swift in Sources */ = {isa = PBXBuildFile; fileRef = F51A24D11993BC6900F0F591 /* TDInboxViewController.swift */; };
		F51A24D91993D2D000F0F591 /* DataStore.swift in Sources */ = {isa = PBXBuildFile; fileRef = F51A24D81993D2D000F0F591 /* DataStore.swift */; };
		F51A24F01993D74B00F0F591 /* AFHTTPRequestOperation.m in Sources */ = {isa = PBXBuildFile; fileRef = F51A24DE1993D74B00F0F591 /* AFHTTPRequestOperation.m */; };
		F51A24F11993D74B00F0F591 /* AFHTTPRequestOperationManager.m in Sources */ = {isa = PBXBuildFile; fileRef = F51A24E01993D74B00F0F591 /* AFHTTPRequestOperationManager.m */; };
		F51A24F21993D74B00F0F591 /* AFHTTPSessionManager.m in Sources */ = {isa = PBXBuildFile; fileRef = F51A24E21993D74B00F0F591 /* AFHTTPSessionManager.m */; };
		F51A24F31993D74B00F0F591 /* AFNetworkReachabilityManager.m in Sources */ = {isa = PBXBuildFile; fileRef = F51A24E51993D74B00F0F591 /* AFNetworkReachabilityManager.m */; };
		F51A24F41993D74B00F0F591 /* AFSecurityPolicy.m in Sources */ = {isa = PBXBuildFile; fileRef = F51A24E71993D74B00F0F591 /* AFSecurityPolicy.m */; };
		F51A24F51993D74B00F0F591 /* AFURLConnectionOperation.m in Sources */ = {isa = PBXBuildFile; fileRef = F51A24E91993D74B00F0F591 /* AFURLConnectionOperation.m */; };
		F51A24F61993D74B00F0F591 /* AFURLRequestSerialization.m in Sources */ = {isa = PBXBuildFile; fileRef = F51A24EB1993D74B00F0F591 /* AFURLRequestSerialization.m */; };
		F51A24F71993D74B00F0F591 /* AFURLResponseSerialization.m in Sources */ = {isa = PBXBuildFile; fileRef = F51A24ED1993D74B00F0F591 /* AFURLResponseSerialization.m */; };
		F51A24F81993D74B00F0F591 /* AFURLSessionManager.m in Sources */ = {isa = PBXBuildFile; fileRef = F51A24EF1993D74B00F0F591 /* AFURLSessionManager.m */; };
		F528864F19A840EA00A52577 /* TDItemCell.swift in Sources */ = {isa = PBXBuildFile; fileRef = F528864E19A840EA00A52577 /* TDItemCell.swift */; };
		F528865119A8696600A52577 /* CheckBoxButton.swift in Sources */ = {isa = PBXBuildFile; fileRef = F528865019A8696600A52577 /* CheckBoxButton.swift */; };
		F528865319A8984100A52577 /* EnumType.swift in Sources */ = {isa = PBXBuildFile; fileRef = F528865219A8984100A52577 /* EnumType.swift */; };
		F549190A19A08BD6003EF072 /* TDBaseViewController.swift in Sources */ = {isa = PBXBuildFile; fileRef = F549190919A08BD6003EF072 /* TDBaseViewController.swift */; };
		F549190C19A08C64003EF072 /* TDAddItemViewController.swift in Sources */ = {isa = PBXBuildFile; fileRef = F549190B19A08C64003EF072 /* TDAddItemViewController.swift */; };
		F549192B19A0A194003EF072 /* InfoPlist.strings in Resources */ = {isa = PBXBuildFile; fileRef = F549192D19A0A194003EF072 /* InfoPlist.strings */; };
		F549193519A0A847003EF072 /* AFNetworking.strings in Resources */ = {isa = PBXBuildFile; fileRef = F549193719A0A847003EF072 /* AFNetworking.strings */; };
		F549193A19A0A847003EF072 /* Localizable.strings in Resources */ = {isa = PBXBuildFile; fileRef = F549193C19A0A847003EF072 /* Localizable.strings */; };
		F55F32F919A24BBC0077E106 /* TDItem.swift in Sources */ = {isa = PBXBuildFile; fileRef = F55F32F819A24BBC0077E106 /* TDItem.swift */; };
		F56E668119A37E8F0048A104 /* ReleaseSetting.swift in Sources */ = {isa = PBXBuildFile; fileRef = F56E668019A37E8F0048A104 /* ReleaseSetting.swift */; };
		F5A9856519A502B200398452 /* FMDatabaseWrapper.swift in Sources */ = {isa = PBXBuildFile; fileRef = F5A9856419A502B200398452 /* FMDatabaseWrapper.swift */; };
		F5E1529E19AB886E004002E6 /* TDMetamindViewController.swift in Sources */ = {isa = PBXBuildFile; fileRef = F5E1529D19AB886E004002E6 /* TDMetamindViewController.swift */; };
/* End PBXBuildFile section */

/* Begin PBXContainerItemProxy section */
		F51A24C11993BB3200F0F591 /* PBXContainerItemProxy */ = {
			isa = PBXContainerItemProxy;
			containerPortal = F51A24A61993BB3100F0F591 /* Project object */;
			proxyType = 1;
			remoteGlobalIDString = F51A24AD1993BB3100F0F591;
			remoteInfo = Today;
		};
/* End PBXContainerItemProxy section */

/* Begin PBXFileReference section */
		F5087C75199E423F008767F7 /* FMDatabase.h */ = {isa = PBXFileReference; fileEncoding = 4; lastKnownFileType = sourcecode.c.h; path = FMDatabase.h; sourceTree = "<group>"; };
		F5087C76199E423F008767F7 /* FMDatabase.m */ = {isa = PBXFileReference; fileEncoding = 4; lastKnownFileType = sourcecode.c.objc; path = FMDatabase.m; sourceTree = "<group>"; };
		F5087C77199E423F008767F7 /* FMDatabaseAdditions.h */ = {isa = PBXFileReference; fileEncoding = 4; lastKnownFileType = sourcecode.c.h; path = FMDatabaseAdditions.h; sourceTree = "<group>"; };
		F5087C78199E423F008767F7 /* FMDatabaseAdditions.m */ = {isa = PBXFileReference; fileEncoding = 4; lastKnownFileType = sourcecode.c.objc; path = FMDatabaseAdditions.m; sourceTree = "<group>"; };
		F5087C79199E423F008767F7 /* FMDatabasePool.h */ = {isa = PBXFileReference; fileEncoding = 4; lastKnownFileType = sourcecode.c.h; path = FMDatabasePool.h; sourceTree = "<group>"; };
		F5087C7A199E423F008767F7 /* FMDatabasePool.m */ = {isa = PBXFileReference; fileEncoding = 4; lastKnownFileType = sourcecode.c.objc; path = FMDatabasePool.m; sourceTree = "<group>"; };
		F5087C7B199E423F008767F7 /* FMDatabaseQueue.h */ = {isa = PBXFileReference; fileEncoding = 4; lastKnownFileType = sourcecode.c.h; path = FMDatabaseQueue.h; sourceTree = "<group>"; };
		F5087C7C199E423F008767F7 /* FMDatabaseQueue.m */ = {isa = PBXFileReference; fileEncoding = 4; lastKnownFileType = sourcecode.c.objc; path = FMDatabaseQueue.m; sourceTree = "<group>"; };
		F5087C7D199E423F008767F7 /* FMDB.h */ = {isa = PBXFileReference; fileEncoding = 4; lastKnownFileType = sourcecode.c.h; path = FMDB.h; sourceTree = "<group>"; };
		F5087C7E199E423F008767F7 /* FMResultSet.h */ = {isa = PBXFileReference; fileEncoding = 4; lastKnownFileType = sourcecode.c.h; path = FMResultSet.h; sourceTree = "<group>"; };
		F5087C7F199E423F008767F7 /* FMResultSet.m */ = {isa = PBXFileReference; fileEncoding = 4; lastKnownFileType = sourcecode.c.objc; path = FMResultSet.m; sourceTree = "<group>"; };
		F5087C85199E4287008767F7 /* libsqlite3.0.dylib */ = {isa = PBXFileReference; lastKnownFileType = "compiled.mach-o.dylib"; name = libsqlite3.0.dylib; path = usr/lib/libsqlite3.0.dylib; sourceTree = SDKROOT; };
		F5087C87199E4B41008767F7 /* UserSetting.swift */ = {isa = PBXFileReference; fileEncoding = 4; lastKnownFileType = sourcecode.swift; path = UserSetting.swift; sourceTree = "<group>"; };
		F5087C89199E4B4E008767F7 /* SessionSetting.swift */ = {isa = PBXFileReference; fileEncoding = 4; lastKnownFileType = sourcecode.swift; path = SessionSetting.swift; sourceTree = "<group>"; };
		F5087C8D199F94B5008767F7 /* SqliteManager.swift */ = {isa = PBXFileReference; fileEncoding = 4; lastKnownFileType = sourcecode.swift; path = SqliteManager.swift; sourceTree = "<group>"; };
		F51A24AE1993BB3100F0F591 /* Today.app */ = {isa = PBXFileReference; explicitFileType = wrapper.application; includeInIndex = 0; path = Today.app; sourceTree = BUILT_PRODUCTS_DIR; };
		F51A24B31993BB3200F0F591 /* AppDelegate.swift */ = {isa = PBXFileReference; lastKnownFileType = sourcecode.swift; path = AppDelegate.swift; sourceTree = "<group>"; };
		F51A24B81993BB3200F0F591 /* Base */ = {isa = PBXFileReference; lastKnownFileType = file.storyboard; name = Base; path = Base.lproj/Main.storyboard; sourceTree = "<group>"; };
		F51A24BA1993BB3200F0F591 /* Images.xcassets */ = {isa = PBXFileReference; lastKnownFileType = folder.assetcatalog; path = Images.xcassets; sourceTree = "<group>"; };
		F51A24C01993BB3200F0F591 /* TodayTests.xctest */ = {isa = PBXFileReference; explicitFileType = wrapper.cfbundle; includeInIndex = 0; path = TodayTests.xctest; sourceTree = BUILT_PRODUCTS_DIR; };
		F51A24C51993BB3200F0F591 /* Info.plist */ = {isa = PBXFileReference; lastKnownFileType = text.plist.xml; name = Info.plist; path = TodayTests/Info.plist; sourceTree = SOURCE_ROOT; };
		F51A24C61993BB3200F0F591 /* TodayTests.swift */ = {isa = PBXFileReference; lastKnownFileType = sourcecode.swift; path = TodayTests.swift; sourceTree = "<group>"; };
		F51A24D11993BC6900F0F591 /* TDInboxViewController.swift */ = {isa = PBXFileReference; fileEncoding = 4; lastKnownFileType = sourcecode.swift; path = TDInboxViewController.swift; sourceTree = "<group>"; };
		F51A24D81993D2D000F0F591 /* DataStore.swift */ = {isa = PBXFileReference; fileEncoding = 4; lastKnownFileType = sourcecode.swift; path = DataStore.swift; sourceTree = "<group>"; };
		F51A24DA1993D5BB00F0F591 /* Today-Bridging-Header.h */ = {isa = PBXFileReference; lastKnownFileType = sourcecode.c.h; path = "Today-Bridging-Header.h"; sourceTree = "<group>"; };
		F51A24DD1993D74B00F0F591 /* AFHTTPRequestOperation.h */ = {isa = PBXFileReference; fileEncoding = 4; lastKnownFileType = sourcecode.c.h; path = AFHTTPRequestOperation.h; sourceTree = "<group>"; };
		F51A24DE1993D74B00F0F591 /* AFHTTPRequestOperation.m */ = {isa = PBXFileReference; fileEncoding = 4; lastKnownFileType = sourcecode.c.objc; path = AFHTTPRequestOperation.m; sourceTree = "<group>"; };
		F51A24DF1993D74B00F0F591 /* AFHTTPRequestOperationManager.h */ = {isa = PBXFileReference; fileEncoding = 4; lastKnownFileType = sourcecode.c.h; path = AFHTTPRequestOperationManager.h; sourceTree = "<group>"; };
		F51A24E01993D74B00F0F591 /* AFHTTPRequestOperationManager.m */ = {isa = PBXFileReference; fileEncoding = 4; lastKnownFileType = sourcecode.c.objc; path = AFHTTPRequestOperationManager.m; sourceTree = "<group>"; };
		F51A24E11993D74B00F0F591 /* AFHTTPSessionManager.h */ = {isa = PBXFileReference; fileEncoding = 4; lastKnownFileType = sourcecode.c.h; path = AFHTTPSessionManager.h; sourceTree = "<group>"; };
		F51A24E21993D74B00F0F591 /* AFHTTPSessionManager.m */ = {isa = PBXFileReference; fileEncoding = 4; lastKnownFileType = sourcecode.c.objc; path = AFHTTPSessionManager.m; sourceTree = "<group>"; };
		F51A24E31993D74B00F0F591 /* AFNetworking.h */ = {isa = PBXFileReference; fileEncoding = 4; lastKnownFileType = sourcecode.c.h; path = AFNetworking.h; sourceTree = "<group>"; };
		F51A24E41993D74B00F0F591 /* AFNetworkReachabilityManager.h */ = {isa = PBXFileReference; fileEncoding = 4; lastKnownFileType = sourcecode.c.h; path = AFNetworkReachabilityManager.h; sourceTree = "<group>"; };
		F51A24E51993D74B00F0F591 /* AFNetworkReachabilityManager.m */ = {isa = PBXFileReference; fileEncoding = 4; lastKnownFileType = sourcecode.c.objc; path = AFNetworkReachabilityManager.m; sourceTree = "<group>"; };
		F51A24E61993D74B00F0F591 /* AFSecurityPolicy.h */ = {isa = PBXFileReference; fileEncoding = 4; lastKnownFileType = sourcecode.c.h; path = AFSecurityPolicy.h; sourceTree = "<group>"; };
		F51A24E71993D74B00F0F591 /* AFSecurityPolicy.m */ = {isa = PBXFileReference; fileEncoding = 4; lastKnownFileType = sourcecode.c.objc; path = AFSecurityPolicy.m; sourceTree = "<group>"; };
		F51A24E81993D74B00F0F591 /* AFURLConnectionOperation.h */ = {isa = PBXFileReference; fileEncoding = 4; lastKnownFileType = sourcecode.c.h; path = AFURLConnectionOperation.h; sourceTree = "<group>"; };
		F51A24E91993D74B00F0F591 /* AFURLConnectionOperation.m */ = {isa = PBXFileReference; fileEncoding = 4; lastKnownFileType = sourcecode.c.objc; path = AFURLConnectionOperation.m; sourceTree = "<group>"; };
		F51A24EA1993D74B00F0F591 /* AFURLRequestSerialization.h */ = {isa = PBXFileReference; fileEncoding = 4; lastKnownFileType = sourcecode.c.h; path = AFURLRequestSerialization.h; sourceTree = "<group>"; };
		F51A24EB1993D74B00F0F591 /* AFURLRequestSerialization.m */ = {isa = PBXFileReference; fileEncoding = 4; lastKnownFileType = sourcecode.c.objc; path = AFURLRequestSerialization.m; sourceTree = "<group>"; };
		F51A24EC1993D74B00F0F591 /* AFURLResponseSerialization.h */ = {isa = PBXFileReference; fileEncoding = 4; lastKnownFileType = sourcecode.c.h; path = AFURLResponseSerialization.h; sourceTree = "<group>"; };
		F51A24ED1993D74B00F0F591 /* AFURLResponseSerialization.m */ = {isa = PBXFileReference; fileEncoding = 4; lastKnownFileType = sourcecode.c.objc; path = AFURLResponseSerialization.m; sourceTree = "<group>"; };
		F51A24EE1993D74B00F0F591 /* AFURLSessionManager.h */ = {isa = PBXFileReference; fileEncoding = 4; lastKnownFileType = sourcecode.c.h; path = AFURLSessionManager.h; sourceTree = "<group>"; };
		F51A24EF1993D74B00F0F591 /* AFURLSessionManager.m */ = {isa = PBXFileReference; fileEncoding = 4; lastKnownFileType = sourcecode.c.objc; path = AFURLSessionManager.m; sourceTree = "<group>"; };
		F528864E19A840EA00A52577 /* TDItemCell.swift */ = {isa = PBXFileReference; fileEncoding = 4; lastKnownFileType = sourcecode.swift; path = TDItemCell.swift; sourceTree = "<group>"; };
		F528865019A8696600A52577 /* CheckBoxButton.swift */ = {isa = PBXFileReference; fileEncoding = 4; lastKnownFileType = sourcecode.swift; path = CheckBoxButton.swift; sourceTree = "<group>"; };
		F528865219A8984100A52577 /* EnumType.swift */ = {isa = PBXFileReference; fileEncoding = 4; lastKnownFileType = sourcecode.swift; path = EnumType.swift; sourceTree = "<group>"; };
		F549190919A08BD6003EF072 /* TDBaseViewController.swift */ = {isa = PBXFileReference; fileEncoding = 4; lastKnownFileType = sourcecode.swift; path = TDBaseViewController.swift; sourceTree = "<group>"; };
		F549190B19A08C64003EF072 /* TDAddItemViewController.swift */ = {isa = PBXFileReference; fileEncoding = 4; lastKnownFileType = sourcecode.swift; path = TDAddItemViewController.swift; sourceTree = "<group>"; };
		F549192219A0A06B003EF072 /* en */ = {isa = PBXFileReference; lastKnownFileType = text.plist.strings; name = en; path = en.lproj/Main.strings; sourceTree = "<group>"; };
		F549192319A0A08D003EF072 /* zh-Hans */ = {isa = PBXFileReference; lastKnownFileType = text.plist.strings; name = "zh-Hans"; path = "zh-Hans.lproj/Main.strings"; sourceTree = "<group>"; };
		F549192C19A0A194003EF072 /* zh-Hans */ = {isa = PBXFileReference; lastKnownFileType = text.plist.strings; name = "zh-Hans"; path = "zh-Hans.lproj/InfoPlist.strings"; sourceTree = "<group>"; };
		F549193619A0A847003EF072 /* zh-Hans */ = {isa = PBXFileReference; lastKnownFileType = text.plist.strings; name = "zh-Hans"; path = "zh-Hans.lproj/AFNetworking.strings"; sourceTree = "<group>"; };
		F549193B19A0A847003EF072 /* zh-Hans */ = {isa = PBXFileReference; lastKnownFileType = text.plist.strings; name = "zh-Hans"; path = "zh-Hans.lproj/Localizable.strings"; sourceTree = "<group>"; };
		F55F32F819A24BBC0077E106 /* TDItem.swift */ = {isa = PBXFileReference; fileEncoding = 4; lastKnownFileType = sourcecode.swift; path = TDItem.swift; sourceTree = "<group>"; };
		F56E668019A37E8F0048A104 /* ReleaseSetting.swift */ = {isa = PBXFileReference; fileEncoding = 4; lastKnownFileType = sourcecode.swift; path = ReleaseSetting.swift; sourceTree = "<group>"; };
		F5A9856419A502B200398452 /* FMDatabaseWrapper.swift */ = {isa = PBXFileReference; fileEncoding = 4; lastKnownFileType = sourcecode.swift; path = FMDatabaseWrapper.swift; sourceTree = "<group>"; };
		F5E1529D19AB886E004002E6 /* TDMetamindViewController.swift */ = {isa = PBXFileReference; fileEncoding = 4; lastKnownFileType = sourcecode.swift; path = TDMetamindViewController.swift; sourceTree = "<group>"; };
/* End PBXFileReference section */

/* Begin PBXFrameworksBuildPhase section */
		F51A24AB1993BB3100F0F591 /* Frameworks */ = {
			isa = PBXFrameworksBuildPhase;
			buildActionMask = 2147483647;
			files = (
				F5087C86199E4287008767F7 /* libsqlite3.0.dylib in Frameworks */,
			);
			runOnlyForDeploymentPostprocessing = 0;
		};
		F51A24BD1993BB3200F0F591 /* Frameworks */ = {
			isa = PBXFrameworksBuildPhase;
			buildActionMask = 2147483647;
			files = (
			);
			runOnlyForDeploymentPostprocessing = 0;
		};
/* End PBXFrameworksBuildPhase section */

/* Begin PBXGroup section */
		F5087C74199E423F008767F7 /* fmdb */ = {
			isa = PBXGroup;
			children = (
				F5087C75199E423F008767F7 /* FMDatabase.h */,
				F5087C76199E423F008767F7 /* FMDatabase.m */,
				F5087C77199E423F008767F7 /* FMDatabaseAdditions.h */,
				F5087C78199E423F008767F7 /* FMDatabaseAdditions.m */,
				F5087C79199E423F008767F7 /* FMDatabasePool.h */,
				F5087C7A199E423F008767F7 /* FMDatabasePool.m */,
				F5087C7B199E423F008767F7 /* FMDatabaseQueue.h */,
				F5087C7C199E423F008767F7 /* FMDatabaseQueue.m */,
				F5087C7D199E423F008767F7 /* FMDB.h */,
				F5087C7E199E423F008767F7 /* FMResultSet.h */,
				F5087C7F199E423F008767F7 /* FMResultSet.m */,
			);
			path = fmdb;
			sourceTree = "<group>";
		};
		F51A24A51993BB3100F0F591 = {
			isa = PBXGroup;
			children = (
				F549193C19A0A847003EF072 /* Localizable.strings */,
				F549193719A0A847003EF072 /* AFNetworking.strings */,
				F5087C85199E4287008767F7 /* libsqlite3.0.dylib */,
				F51A24B01993BB3100F0F591 /* Today */,
				F51A24C31993BB3200F0F591 /* TodayTests */,
				F51A24AF1993BB3100F0F591 /* Products */,
			);
			sourceTree = "<group>";
		};
		F51A24AF1993BB3100F0F591 /* Products */ = {
			isa = PBXGroup;
			children = (
				F51A24AE1993BB3100F0F591 /* Today.app */,
				F51A24C01993BB3200F0F591 /* TodayTests.xctest */,
			);
			name = Products;
			sourceTree = "<group>";
		};
		F51A24B01993BB3100F0F591 /* Today */ = {
			isa = PBXGroup;
			children = (
				F51A24B31993BB3200F0F591 /* AppDelegate.swift */,
				F56E667F19A37E890048A104 /* App */,
				F528864D19A840DA00A52577 /* Views */,
				F51A24D01993BC6900F0F591 /* ViewControllers */,
				F55F32F719A24BB10077E106 /* Model */,
				F51A24D71993BD1A00F0F591 /* DataStore */,
				F51A24D31993BCF200F0F591 /* Extensions */,
				F51A24D61993BD0D00F0F591 /* Utils */,
				F51A24D41993BCFD00F0F591 /* Network */,
				F51A24D51993BD0400F0F591 /* ThirdPart */,
				F51A24B71993BB3200F0F591 /* Main.storyboard */,
				F51A24BA1993BB3200F0F591 /* Images.xcassets */,
				F51A24B11993BB3100F0F591 /* Supporting Files */,
			);
			path = Today;
			sourceTree = "<group>";
		};
		F51A24B11993BB3100F0F591 /* Supporting Files */ = {
			isa = PBXGroup;
			children = (
			);
			name = "Supporting Files";
			sourceTree = "<group>";
		};
		F51A24C31993BB3200F0F591 /* TodayTests */ = {
			isa = PBXGroup;
			children = (
				F51A24C61993BB3200F0F591 /* TodayTests.swift */,
				F51A24C41993BB3200F0F591 /* Supporting Files */,
			);
			path = TodayTests;
			sourceTree = "<group>";
		};
		F51A24C41993BB3200F0F591 /* Supporting Files */ = {
			isa = PBXGroup;
			children = (
				F549192D19A0A194003EF072 /* InfoPlist.strings */,
				F51A24C51993BB3200F0F591 /* Info.plist */,
			);
			name = "Supporting Files";
			sourceTree = "<group>";
		};
		F51A24D01993BC6900F0F591 /* ViewControllers */ = {
			isa = PBXGroup;
			children = (
				F549190919A08BD6003EF072 /* TDBaseViewController.swift */,
				F5E1529D19AB886E004002E6 /* TDMetamindViewController.swift */,
				F51A24D11993BC6900F0F591 /* TDInboxViewController.swift */,
				F549190B19A08C64003EF072 /* TDAddItemViewController.swift */,
				F51A24DA1993D5BB00F0F591 /* Today-Bridging-Header.h */,
			);
			path = ViewControllers;
			sourceTree = "<group>";
		};
		F51A24D31993BCF200F0F591 /* Extensions */ = {
			isa = PBXGroup;
			children = (
				F5A9856419A502B200398452 /* FMDatabaseWrapper.swift */,
			);
			path = Extensions;
			sourceTree = "<group>";
		};
		F51A24D41993BCFD00F0F591 /* Network */ = {
			isa = PBXGroup;
			children = (
				F51A24DD1993D74B00F0F591 /* AFHTTPRequestOperation.h */,
				F51A24DE1993D74B00F0F591 /* AFHTTPRequestOperation.m */,
				F51A24DF1993D74B00F0F591 /* AFHTTPRequestOperationManager.h */,
				F51A24E01993D74B00F0F591 /* AFHTTPRequestOperationManager.m */,
				F51A24E11993D74B00F0F591 /* AFHTTPSessionManager.h */,
				F51A24E21993D74B00F0F591 /* AFHTTPSessionManager.m */,
				F51A24E31993D74B00F0F591 /* AFNetworking.h */,
				F51A24E41993D74B00F0F591 /* AFNetworkReachabilityManager.h */,
				F51A24E51993D74B00F0F591 /* AFNetworkReachabilityManager.m */,
				F51A24E61993D74B00F0F591 /* AFSecurityPolicy.h */,
				F51A24E71993D74B00F0F591 /* AFSecurityPolicy.m */,
				F51A24E81993D74B00F0F591 /* AFURLConnectionOperation.h */,
				F51A24E91993D74B00F0F591 /* AFURLConnectionOperation.m */,
				F51A24EA1993D74B00F0F591 /* AFURLRequestSerialization.h */,
				F51A24EB1993D74B00F0F591 /* AFURLRequestSerialization.m */,
				F51A24EC1993D74B00F0F591 /* AFURLResponseSerialization.h */,
				F51A24ED1993D74B00F0F591 /* AFURLResponseSerialization.m */,
				F51A24EE1993D74B00F0F591 /* AFURLSessionManager.h */,
				F51A24EF1993D74B00F0F591 /* AFURLSessionManager.m */,
			);
			path = Network;
			sourceTree = "<group>";
		};
		F51A24D51993BD0400F0F591 /* ThirdPart */ = {
			isa = PBXGroup;
			children = (
				F5087C74199E423F008767F7 /* fmdb */,
			);
			path = ThirdPart;
			sourceTree = "<group>";
		};
		F51A24D61993BD0D00F0F591 /* Utils */ = {
			isa = PBXGroup;
			children = (
			);
			path = Utils;
			sourceTree = "<group>";
		};
		F51A24D71993BD1A00F0F591 /* DataStore */ = {
			isa = PBXGroup;
			children = (
				F51A24D81993D2D000F0F591 /* DataStore.swift */,
				F5087C87199E4B41008767F7 /* UserSetting.swift */,
				F5087C89199E4B4E008767F7 /* SessionSetting.swift */,
				F5087C8D199F94B5008767F7 /* SqliteManager.swift */,
			);
			path = DataStore;
			sourceTree = "<group>";
		};
		F528864D19A840DA00A52577 /* Views */ = {
			isa = PBXGroup;
			children = (
				F528864E19A840EA00A52577 /* TDItemCell.swift */,
				F528865019A8696600A52577 /* CheckBoxButton.swift */,
			);
			path = Views;
			sourceTree = "<group>";
		};
		F55F32F719A24BB10077E106 /* Model */ = {
			isa = PBXGroup;
			children = (
				F55F32F819A24BBC0077E106 /* TDItem.swift */,
				F528865219A8984100A52577 /* EnumType.swift */,
			);
			path = Model;
			sourceTree = "<group>";
		};
		F56E667F19A37E890048A104 /* App */ = {
			isa = PBXGroup;
			children = (
				F56E668019A37E8F0048A104 /* ReleaseSetting.swift */,
			);
			path = App;
			sourceTree = "<group>";
		};
/* End PBXGroup section */

/* Begin PBXNativeTarget section */
		F51A24AD1993BB3100F0F591 /* Today */ = {
			isa = PBXNativeTarget;
			buildConfigurationList = F51A24CA1993BB3200F0F591 /* Build configuration list for PBXNativeTarget "Today" */;
			buildPhases = (
				F51A24AA1993BB3100F0F591 /* Sources */,
				F51A24AB1993BB3100F0F591 /* Frameworks */,
				F51A24AC1993BB3100F0F591 /* Resources */,
			);
			buildRules = (
			);
			dependencies = (
			);
			name = Today;
			productName = Today;
			productReference = F51A24AE1993BB3100F0F591 /* Today.app */;
			productType = "com.apple.product-type.application";
		};
		F51A24BF1993BB3200F0F591 /* TodayTests */ = {
			isa = PBXNativeTarget;
			buildConfigurationList = F51A24CD1993BB3200F0F591 /* Build configuration list for PBXNativeTarget "TodayTests" */;
			buildPhases = (
				F51A24BC1993BB3200F0F591 /* Sources */,
				F51A24BD1993BB3200F0F591 /* Frameworks */,
				F51A24BE1993BB3200F0F591 /* Resources */,
			);
			buildRules = (
			);
			dependencies = (
				F51A24C21993BB3200F0F591 /* PBXTargetDependency */,
			);
			name = TodayTests;
			productName = TodayTests;
			productReference = F51A24C01993BB3200F0F591 /* TodayTests.xctest */;
			productType = "com.apple.product-type.bundle.unit-test";
		};
/* End PBXNativeTarget section */

/* Begin PBXProject section */
		F51A24A61993BB3100F0F591 /* Project object */ = {
			isa = PBXProject;
			attributes = {
				LastUpgradeCheck = 0600;
				ORGANIZATIONNAME = Frank;
				TargetAttributes = {
					F51A24AD1993BB3100F0F591 = {
						CreatedOnToolsVersion = 6.0;
					};
					F51A24BF1993BB3200F0F591 = {
						CreatedOnToolsVersion = 6.0;
						TestTargetID = F51A24AD1993BB3100F0F591;
					};
				};
			};
			buildConfigurationList = F51A24A91993BB3100F0F591 /* Build configuration list for PBXProject "Today" */;
			compatibilityVersion = "Xcode 3.2";
			developmentRegion = English;
			hasScannedForEncodings = 0;
			knownRegions = (
				Base,
			);
			mainGroup = F51A24A51993BB3100F0F591;
			productRefGroup = F51A24AF1993BB3100F0F591 /* Products */;
			projectDirPath = "";
			projectRoot = "";
			targets = (
				F51A24AD1993BB3100F0F591 /* Today */,
				F51A24BF1993BB3200F0F591 /* TodayTests */,
			);
		};
/* End PBXProject section */

/* Begin PBXResourcesBuildPhase section */
		F51A24AC1993BB3100F0F591 /* Resources */ = {
			isa = PBXResourcesBuildPhase;
			buildActionMask = 2147483647;
			files = (
				F549193519A0A847003EF072 /* AFNetworking.strings in Resources */,
				F549193A19A0A847003EF072 /* Localizable.strings in Resources */,
				F51A24B91993BB3200F0F591 /* Main.storyboard in Resources */,
				F51A24BB1993BB3200F0F591 /* Images.xcassets in Resources */,
			);
			runOnlyForDeploymentPostprocessing = 0;
		};
		F51A24BE1993BB3200F0F591 /* Resources */ = {
			isa = PBXResourcesBuildPhase;
			buildActionMask = 2147483647;
			files = (
				F549192B19A0A194003EF072 /* InfoPlist.strings in Resources */,
			);
			runOnlyForDeploymentPostprocessing = 0;
		};
/* End PBXResourcesBuildPhase section */

/* Begin PBXSourcesBuildPhase section */
		F51A24AA1993BB3100F0F591 /* Sources */ = {
			isa = PBXSourcesBuildPhase;
			buildActionMask = 2147483647;
			files = (
				F51A24F01993D74B00F0F591 /* AFHTTPRequestOperation.m in Sources */,
				F51A24D21993BC6900F0F591 /* TDInboxViewController.swift in Sources */,
				F5087C80199E423F008767F7 /* FMDatabase.m in Sources */,
				F528864F19A840EA00A52577 /* TDItemCell.swift in Sources */,
				F51A24F11993D74B00F0F591 /* AFHTTPRequestOperationManager.m in Sources */,
				F51A24F31993D74B00F0F591 /* AFNetworkReachabilityManager.m in Sources */,
				F5087C84199E423F008767F7 /* FMResultSet.m in Sources */,
				F55F32F919A24BBC0077E106 /* TDItem.swift in Sources */,
				F51A24F71993D74B00F0F591 /* AFURLResponseSerialization.m in Sources */,
				F51A24F51993D74B00F0F591 /* AFURLConnectionOperation.m in Sources */,
				F51A24F41993D74B00F0F591 /* AFSecurityPolicy.m in Sources */,
				F5087C88199E4B41008767F7 /* UserSetting.swift in Sources */,
				F51A24F21993D74B00F0F591 /* AFHTTPSessionManager.m in Sources */,
				F51A24F61993D74B00F0F591 /* AFURLRequestSerialization.m in Sources */,
				F56E668119A37E8F0048A104 /* ReleaseSetting.swift in Sources */,
				F5E1529E19AB886E004002E6 /* TDMetamindViewController.swift in Sources */,
				F51A24F81993D74B00F0F591 /* AFURLSessionManager.m in Sources */,
				F51A24D91993D2D000F0F591 /* DataStore.swift in Sources */,
				F5A9856519A502B200398452 /* FMDatabaseWrapper.swift in Sources */,
				F528865319A8984100A52577 /* EnumType.swift in Sources */,
				F528865119A8696600A52577 /* CheckBoxButton.swift in Sources */,
				F5087C82199E423F008767F7 /* FMDatabasePool.m in Sources */,
				F549190C19A08C64003EF072 /* TDAddItemViewController.swift in Sources */,
				F549190A19A08BD6003EF072 /* TDBaseViewController.swift in Sources */,
				F5087C8E199F94B5008767F7 /* SqliteManager.swift in Sources */,
				F5087C83199E423F008767F7 /* FMDatabaseQueue.m in Sources */,
				F51A24B41993BB3200F0F591 /* AppDelegate.swift in Sources */,
				F5087C8A199E4B4E008767F7 /* SessionSetting.swift in Sources */,
				F5087C81199E423F008767F7 /* FMDatabaseAdditions.m in Sources */,
			);
			runOnlyForDeploymentPostprocessing = 0;
		};
		F51A24BC1993BB3200F0F591 /* Sources */ = {
			isa = PBXSourcesBuildPhase;
			buildActionMask = 2147483647;
			files = (
				F51A24C71993BB3200F0F591 /* TodayTests.swift in Sources */,
			);
			runOnlyForDeploymentPostprocessing = 0;
		};
/* End PBXSourcesBuildPhase section */

/* Begin PBXTargetDependency section */
		F51A24C21993BB3200F0F591 /* PBXTargetDependency */ = {
			isa = PBXTargetDependency;
			target = F51A24AD1993BB3100F0F591 /* Today */;
			targetProxy = F51A24C11993BB3200F0F591 /* PBXContainerItemProxy */;
		};
/* End PBXTargetDependency section */

/* Begin PBXVariantGroup section */
		F51A24B71993BB3200F0F591 /* Main.storyboard */ = {
			isa = PBXVariantGroup;
			children = (
				F51A24B81993BB3200F0F591 /* Base */,
				F549192219A0A06B003EF072 /* en */,
				F549192319A0A08D003EF072 /* zh-Hans */,
			);
			name = Main.storyboard;
			sourceTree = "<group>";
		};
		F549192D19A0A194003EF072 /* InfoPlist.strings */ = {
			isa = PBXVariantGroup;
			children = (
				F549192C19A0A194003EF072 /* zh-Hans */,
			);
			name = InfoPlist.strings;
			sourceTree = "<group>";
		};
		F549193719A0A847003EF072 /* AFNetworking.strings */ = {
			isa = PBXVariantGroup;
			children = (
				F549193619A0A847003EF072 /* zh-Hans */,
			);
			name = AFNetworking.strings;
			sourceTree = "<group>";
		};
		F549193C19A0A847003EF072 /* Localizable.strings */ = {
			isa = PBXVariantGroup;
			children = (
				F549193B19A0A847003EF072 /* zh-Hans */,
			);
			name = Localizable.strings;
			sourceTree = "<group>";
		};
/* End PBXVariantGroup section */

/* Begin XCBuildConfiguration section */
		F51A24C81993BB3200F0F591 /* Debug */ = {
			isa = XCBuildConfiguration;
			buildSettings = {
				ALWAYS_SEARCH_USER_PATHS = NO;
				CLANG_CXX_LANGUAGE_STANDARD = "gnu++0x";
				CLANG_CXX_LIBRARY = "libc++";
				CLANG_ENABLE_MODULES = YES;
				CLANG_ENABLE_OBJC_ARC = YES;
				CLANG_WARN_BOOL_CONVERSION = YES;
				CLANG_WARN_CONSTANT_CONVERSION = YES;
				CLANG_WARN_DIRECT_OBJC_ISA_USAGE = YES_ERROR;
				CLANG_WARN_EMPTY_BODY = YES;
				CLANG_WARN_ENUM_CONVERSION = YES;
				CLANG_WARN_INT_CONVERSION = YES;
				CLANG_WARN_OBJC_ROOT_CLASS = YES_ERROR;
				CLANG_WARN_UNREACHABLE_CODE = YES;
				CLANG_WARN__DUPLICATE_METHOD_MATCH = YES;
				"CODE_SIGN_IDENTITY[sdk=iphoneos*]" = "iPhone Developer";
				COPY_PHASE_STRIP = NO;
				ENABLE_STRICT_OBJC_MSGSEND = YES;
				GCC_C_LANGUAGE_STANDARD = gnu99;
				GCC_DYNAMIC_NO_PIC = NO;
				GCC_OPTIMIZATION_LEVEL = 0;
				GCC_PREPROCESSOR_DEFINITIONS = (
					"DEBUG=1",
					"$(inherited)",
				);
				GCC_SYMBOLS_PRIVATE_EXTERN = NO;
				GCC_WARN_64_TO_32_BIT_CONVERSION = YES;
				GCC_WARN_ABOUT_RETURN_TYPE = YES_ERROR;
				GCC_WARN_UNDECLARED_SELECTOR = YES;
				GCC_WARN_UNINITIALIZED_AUTOS = YES_AGGRESSIVE;
				GCC_WARN_UNUSED_FUNCTION = YES;
				GCC_WARN_UNUSED_VARIABLE = YES;
				IPHONEOS_DEPLOYMENT_TARGET = 7.0;
				MTL_ENABLE_DEBUG_INFO = YES;
				ONLY_ACTIVE_ARCH = YES;
				SDKROOT = iphoneos;
				SWIFT_OPTIMIZATION_LEVEL = "-Onone";
			};
			name = Debug;
		};
		F51A24C91993BB3200F0F591 /* Release */ = {
			isa = XCBuildConfiguration;
			buildSettings = {
				ALWAYS_SEARCH_USER_PATHS = NO;
				CLANG_CXX_LANGUAGE_STANDARD = "gnu++0x";
				CLANG_CXX_LIBRARY = "libc++";
				CLANG_ENABLE_MODULES = YES;
				CLANG_ENABLE_OBJC_ARC = YES;
				CLANG_WARN_BOOL_CONVERSION = YES;
				CLANG_WARN_CONSTANT_CONVERSION = YES;
				CLANG_WARN_DIRECT_OBJC_ISA_USAGE = YES_ERROR;
				CLANG_WARN_EMPTY_BODY = YES;
				CLANG_WARN_ENUM_CONVERSION = YES;
				CLANG_WARN_INT_CONVERSION = YES;
				CLANG_WARN_OBJC_ROOT_CLASS = YES_ERROR;
				CLANG_WARN_UNREACHABLE_CODE = YES;
				CLANG_WARN__DUPLICATE_METHOD_MATCH = YES;
				"CODE_SIGN_IDENTITY[sdk=iphoneos*]" = "iPhone Developer";
				COPY_PHASE_STRIP = YES;
				ENABLE_NS_ASSERTIONS = NO;
				ENABLE_STRICT_OBJC_MSGSEND = YES;
				GCC_C_LANGUAGE_STANDARD = gnu99;
				GCC_WARN_64_TO_32_BIT_CONVERSION = YES;
				GCC_WARN_ABOUT_RETURN_TYPE = YES_ERROR;
				GCC_WARN_UNDECLARED_SELECTOR = YES;
				GCC_WARN_UNINITIALIZED_AUTOS = YES_AGGRESSIVE;
				GCC_WARN_UNUSED_FUNCTION = YES;
				GCC_WARN_UNUSED_VARIABLE = YES;
				IPHONEOS_DEPLOYMENT_TARGET = 7.0;
				MTL_ENABLE_DEBUG_INFO = NO;
				SDKROOT = iphoneos;
				VALIDATE_PRODUCT = YES;
			};
			name = Release;
		};
		F51A24CB1993BB3200F0F591 /* Debug */ = {
			isa = XCBuildConfiguration;
			buildSettings = {
				ASSETCATALOG_COMPILER_APPICON_NAME = AppIcon;
				ASSETCATALOG_COMPILER_LAUNCHIMAGE_NAME = LaunchImage;
				CLANG_ENABLE_MODULES = YES;
				INFOPLIST_FILE = Today/Info.plist;
				LD_RUNPATH_SEARCH_PATHS = "$(inherited) @executable_path/Frameworks";
				PRODUCT_NAME = "$(TARGET_NAME)";
				SWIFT_OBJC_BRIDGING_HEADER = "Today/ViewControllers/Today-Bridging-Header.h";
				SWIFT_OPTIMIZATION_LEVEL = "-Onone";
			};
			name = Debug;
		};
		F51A24CC1993BB3200F0F591 /* Release */ = {
			isa = XCBuildConfiguration;
			buildSettings = {
				ASSETCATALOG_COMPILER_APPICON_NAME = AppIcon;
				ASSETCATALOG_COMPILER_LAUNCHIMAGE_NAME = LaunchImage;
				CLANG_ENABLE_MODULES = YES;
				INFOPLIST_FILE = Today/Info.plist;
				LD_RUNPATH_SEARCH_PATHS = "$(inherited) @executable_path/Frameworks";
				PRODUCT_NAME = "$(TARGET_NAME)";
				SWIFT_OBJC_BRIDGING_HEADER = "Today/ViewControllers/Today-Bridging-Header.h";
			};
			name = Release;
		};
		F51A24CE1993BB3200F0F591 /* Debug */ = {
			isa = XCBuildConfiguration;
			buildSettings = {
				BUNDLE_LOADER = "$(BUILT_PRODUCTS_DIR)/Today.app/Today";
				FRAMEWORK_SEARCH_PATHS = (
					"$(SDKROOT)/Developer/Library/Frameworks",
					"$(inherited)",
				);
				GCC_PREPROCESSOR_DEFINITIONS = (
					"DEBUG=1",
					"$(inherited)",
				);
				INFOPLIST_FILE = TodayTests/Info.plist;
				LD_RUNPATH_SEARCH_PATHS = "$(inherited) @executable_path/Frameworks @loader_path/Frameworks";
				PRODUCT_NAME = "$(TARGET_NAME)";
				TEST_HOST = "$(BUNDLE_LOADER)";
			};
			name = Debug;
		};
		F51A24CF1993BB3200F0F591 /* Release */ = {
			isa = XCBuildConfiguration;
			buildSettings = {
				BUNDLE_LOADER = "$(BUILT_PRODUCTS_DIR)/Today.app/Today";
				FRAMEWORK_SEARCH_PATHS = (
					"$(SDKROOT)/Developer/Library/Frameworks",
					"$(inherited)",
				);
				INFOPLIST_FILE = TodayTests/Info.plist;
				LD_RUNPATH_SEARCH_PATHS = "$(inherited) @executable_path/Frameworks @loader_path/Frameworks";
				PRODUCT_NAME = "$(TARGET_NAME)";
				TEST_HOST = "$(BUNDLE_LOADER)";
			};
			name = Release;
		};
/* End XCBuildConfiguration section */

/* Begin XCConfigurationList section */
		F51A24A91993BB3100F0F591 /* Build configuration list for PBXProject "Today" */ = {
			isa = XCConfigurationList;
			buildConfigurations = (
				F51A24C81993BB3200F0F591 /* Debug */,
				F51A24C91993BB3200F0F591 /* Release */,
			);
			defaultConfigurationIsVisible = 0;
			defaultConfigurationName = Release;
		};
		F51A24CA1993BB3200F0F591 /* Build configuration list for PBXNativeTarget "Today" */ = {
			isa = XCConfigurationList;
			buildConfigurations = (
				F51A24CB1993BB3200F0F591 /* Debug */,
				F51A24CC1993BB3200F0F591 /* Release */,
			);
			defaultConfigurationIsVisible = 0;
			defaultConfigurationName = Release;
		};
		F51A24CD1993BB3200F0F591 /* Build configuration list for PBXNativeTarget "TodayTests" */ = {
			isa = XCConfigurationList;
			buildConfigurations = (
				F51A24CE1993BB3200F0F591 /* Debug */,
				F51A24CF1993BB3200F0F591 /* Release */,
			);
			defaultConfigurationIsVisible = 0;
			defaultConfigurationName = Release;
		};
/* End XCConfigurationList section */
	};
	rootObject = F51A24A61993BB3100F0F591 /* Project object */;
}
